
Microsoft Visual Studio Solution File, Format Version 12.00
# Visual Studio 15
VisualStudioVersion = 15.0.26403.7
MinimumVisualStudioVersion = 10.0.40219.1
Project("{FAE04EC0-301F-11D3-BF4B-00C04F79EFBC}") = "StarshipFailing", "StarshipFailing\StarshipFailing.csproj", "{A8F5D099-C09D-477F-BE23-72F99222F476}"
EndProject
Project("{FAE04EC0-301F-11D3-BF4B-00C04F79EFBC}") = "StarshipFailing.Tests", "StarshipFailing.Tests\StarshipFailing.Tests.csproj", "{C452E98D-A198-4860-B09B-3D9A3DB6D393}"
EndProject
Global
	GlobalSection(SolutionConfigurationPlatforms) = preSolution
		Debug|Any CPU = Debug|Any CPU
		Release|Any CPU = Release|Any CPU
	EndGlobalSection
	GlobalSection(ProjectConfigurationPlatforms) = postSolution
		{A8F5D099-C09D-477F-BE23-72F99222F476}.Debug|Any CPU.ActiveCfg = Debug|Any CPU
		{A8F5D099-C09D-477F-BE23-72F99222F476}.Debug|Any CPU.Build.0 = Debug|Any CPU
		{A8F5D099-C09D-477F-BE23-72F99222F476}.Release|Any CPU.ActiveCfg = Release|Any CPU
		{A8F5D099-C09D-477F-BE23-72F99222F476}.Release|Any CPU.Build.0 = Release|Any CPU
		{C452E98D-A198-4860-B09B-3D9A3DB6D393}.Debug|Any CPU.ActiveCfg = Debug|Any CPU
		{C452E98D-A198-4860-B09B-3D9A3DB6D393}.Debug|Any CPU.Build.0 = Debug|Any CPU
		{C452E98D-A198-4860-B09B-3D9A3DB6D393}.Release|Any CPU.ActiveCfg = Release|Any CPU
		{C452E98D-A198-4860-B09B-3D9A3DB6D393}.Release|Any CPU.Build.0 = Release|Any CPU
	EndGlobalSection
	GlobalSection(SolutionProperties) = preSolution
		HideSolutionNode = FALSE
	EndGlobalSection
EndGlobal
